{
  "version": 4,
  "terraform_version": "1.2.3",
  "serial": 5,
  "lineage": "e7a89a6e-856b-5cba-03f0-5fa632f31f2c",
  "outputs": {},
  "resources": [
    {
      "mode": "managed",
      "type": "aws_iam_access_key",
      "name": "test",
      "provider": "provider[\"registry.terraform.io/hashicorp/aws\"]",
      "instances": [
        {
          "schema_version": 0,
          "attributes": {
            "create_date": "2022-06-19T05:18:05Z",
            "encrypted_secret": null,
            "encrypted_ses_smtp_password_v4": null,
            "id": "AKIARIZYRTYDZNLFXKUU",
            "key_fingerprint": null,
            "pgp_key": null,
            "secret": "5Heqycisip+QPNibUzNavQqHcvTBUKg9n5I0MzsD",
            "ses_smtp_password_v4": "BN1B3WxGz6cYcWwS5vcGL7+OXh1qnCj+YBOtQRXyFbG+",
            "status": "Active",
            "user": "test"
          },
          "sensitive_attributes": [],
          "private": "bnVsbA==",
          "dependencies": [
            "aws_iam_user.test"
          ]
        }
      ]
    },
    {
      "mode": "managed",
      "type": "aws_iam_user",
      "name": "test",
      "provider": "provider[\"registry.terraform.io/hashicorp/aws\"]",
      "instances": [
        {
          "schema_version": 0,
          "attributes": {
            "arn": "arn:aws:iam::087628553735:user/test/test",
            "force_destroy": false,
            "id": "test",
            "name": "test",
            "path": "/test/",
            "permissions_boundary": null,
            "tags": {},
            "tags_all": {},
            "unique_id": "AIDARIZYRTYD7QDVIQGTX"
          },
          "sensitive_attributes": [],
          "private": "bnVsbA=="
        }
      ]
    }
  ]
}
